
Microsoft Visual Studio Solution File, Format Version 12.00
# Visual Studio 15
Project("{FAE04EC0-301F-11D3-BF4B-00C04F79EFBC}") = "Task 1", "Task 1.csproj", "{8952FAC6-A8E9-416E-8DB3-3685C0044B53}"
EndProject
Global
	GlobalSection(SolutionConfigurationPlatforms) = preSolution
		Debug|Any CPU = Debug|Any CPU
		Release|Any CPU = Release|Any CPU
	EndGlobalSection
	GlobalSection(ProjectConfigurationPlatforms) = postSolution
		{8952FAC6-A8E9-416E-8DB3-3685C0044B53}.Debug|Any CPU.ActiveCfg = Debug|Any CPU
		{8952FAC6-A8E9-416E-8DB3-3685C0044B53}.Debug|Any CPU.Build.0 = Debug|Any CPU
		{8952FAC6-A8E9-416E-8DB3-3685C0044B53}.Release|Any CPU.ActiveCfg = Release|Any CPU
		{8952FAC6-A8E9-416E-8DB3-3685C0044B53}.Release|Any CPU.Build.0 = Release|Any CPU
	EndGlobalSection
EndGlobal
