
Microsoft Visual Studio Solution File, Format Version 12.00
# Visual Studio 15
VisualStudioVersion = 15.0.28307.329
MinimumVisualStudioVersion = 10.0.40219.1
Project("{FAE04EC0-301F-11D3-BF4B-00C04F79EFBC}") = "task1", "task1\task1.csproj", "{52D64781-E9C6-4B60-B8D1-096D0C0263D8}"
EndProject
Global
	GlobalSection(SolutionConfigurationPlatforms) = preSolution
		Debug|Any CPU = Debug|Any CPU
		Release|Any CPU = Release|Any CPU
	EndGlobalSection
	GlobalSection(ProjectConfigurationPlatforms) = postSolution
		{52D64781-E9C6-4B60-B8D1-096D0C0263D8}.Debug|Any CPU.ActiveCfg = Debug|Any CPU
		{52D64781-E9C6-4B60-B8D1-096D0C0263D8}.Debug|Any CPU.Build.0 = Debug|Any CPU
		{52D64781-E9C6-4B60-B8D1-096D0C0263D8}.Release|Any CPU.ActiveCfg = Release|Any CPU
		{52D64781-E9C6-4B60-B8D1-096D0C0263D8}.Release|Any CPU.Build.0 = Release|Any CPU
	EndGlobalSection
	GlobalSection(SolutionProperties) = preSolution
		HideSolutionNode = FALSE
	EndGlobalSection
	GlobalSection(ExtensibilityGlobals) = postSolution
		SolutionGuid = {992C2A93-14FE-4252-96A7-4A55269D1B09}
	EndGlobalSection
EndGlobal
